
Microsoft Visual Studio Solution File, Format Version 12.00
# Visual Studio Version 17
VisualStudioVersion = 17.6.33723.286
MinimumVisualStudioVersion = 10.0.40219.1
Project("{FAE04EC0-301F-11D3-BF4B-00C04F79EFBC}") = "Expense Tracker", "Expense Tracker\Expense Tracker.csproj", "{855C1132-DA34-4535-987B-7053D1E6BA1C}"
EndProject
Global
	GlobalSection(SolutionConfigurationPlatforms) = preSolution
		Debug|Any CPU = Debug|Any CPU
		Release|Any CPU = Release|Any CPU
	EndGlobalSection
	GlobalSection(ProjectConfigurationPlatforms) = postSolution
		{855C1132-DA34-4535-987B-7053D1E6BA1C}.Debug|Any CPU.ActiveCfg = Debug|Any CPU
		{855C1132-DA34-4535-987B-7053D1E6BA1C}.Debug|Any CPU.Build.0 = Debug|Any CPU
		{855C1132-DA34-4535-987B-7053D1E6BA1C}.Release|Any CPU.ActiveCfg = Release|Any CPU
		{855C1132-DA34-4535-987B-7053D1E6BA1C}.Release|Any CPU.Build.0 = Release|Any CPU
	EndGlobalSection
	GlobalSection(SolutionProperties) = preSolution
		HideSolutionNode = FALSE
	EndGlobalSection
	GlobalSection(ExtensibilityGlobals) = postSolution
		SolutionGuid = {4A49BDDD-8F56-4E78-ADE4-74108DBD129E}
	EndGlobalSection
EndGlobal
